{
  "requires": true,
  "lockfileVersion": 1,
  "dependencies": {
    "mdb-angular-ui-kit": {
      "version": "4.0.0",
      "resolved": "https://registry.npmjs.org/mdb-angular-ui-kit/-/mdb-angular-ui-kit-4.0.0.tgz",
      "integrity": "sha512-x3lAvmFmEVBzAZXtSAFzmpOSo1yBr2mUwJs1cBj+kKPc3ku/CBtC+zT2K8LP3HbpDCvnM7WvRGYHMtiNeOO+Nw==",
      "requires": {
        "tslib": "^2.0.0"
      }
    },
    "tslib": {
      "version": "2.5.0",
      "resolved": "https://registry.npmjs.org/tslib/-/tslib-2.5.0.tgz",
      "integrity": "sha512-336iVw3rtn2BUK7ORdIAHTyxHGRIHVReokCR3XjbckJMK7ms8FysBfhLR8IXnAgy7T0PTPNBWKiH514FOW/WSg=="
    }
  }
}
